{
    "_readme": [
        "This file locks the dependencies of your project to a known state",
        "Read more about it at http://getcomposer.org/doc/01-basic-usage.md#composer-lock-the-lock-file"
    ],
    "hash": "cae67fb68975b93a2f547cabba729e45",
    "packages": [
        {
            "name": "anahkiasen/html-object",
            "version": "dev-master",
            "source": {
                "type": "git",
                "url": "https://github.com/Anahkiasen/html-object.git",
                "reference": "6c38e388bd75fe49c927ec88c1261e57b2124ba7"
            },
            "dist": {
                "type": "zip",
                "url": "https://api.github.com/repos/Anahkiasen/html-object/zipball/6c38e388bd75fe49c927ec88c1261e57b2124ba7",
                "reference": "6c38e388bd75fe49c927ec88c1261e57b2124ba7",
                "shasum": ""
            },
            "require": {
                "php": ">=5.3.0"
            },
            "type": "library",
            "autoload": {
                "psr-0": {
                    "HtmlObject": "src"
                }
            },
            "notification-url": "https://packagist.org/downloads/",
            "license": [
                "MIT"
            ],
            "authors": [
                {
                    "name": "Anahkiasen",
                    "email": "ehtnam6@gmail.com"
                }
            ],
            "description": "A set of classes to create and manipulate HTML objects abstractions",
            "time": "2013-08-20 12:47:19"
        },
        {
            "name": "anahkiasen/underscore-php",
            "version": "dev-master",
            "source": {
                "type": "git",
                "url": "https://github.com/Anahkiasen/underscore-php.git",
                "reference": "049a491701a2ee1c15f82f4c502bbe87671d1619"
            },
            "dist": {
                "type": "zip",
                "url": "https://api.github.com/repos/Anahkiasen/underscore-php/zipball/049a491701a2ee1c15f82f4c502bbe87671d1619",
                "reference": "049a491701a2ee1c15f82f4c502bbe87671d1619",
                "shasum": ""
            },
            "require": {
                "illuminate/support": "~4",
                "patchwork/utf8": "1.1.*",
                "php": ">=5.3.0"
            },
            "type": "library",
            "autoload": {
                "psr-0": {
                    "Underscore": "src/"
                }
            },
            "notification-url": "https://packagist.org/downloads/",
            "license": [
                "MIT"
            ],
            "authors": [
                {
                    "name": "Maxime Fabre",
                    "email": "ehtnam6@gmail.com"
                }
            ],
            "description": "A redacted port of Underscore.js for PHP",
            "keywords": [
                "internals",
                "laravel",
                "toolkit"
            ],
            "time": "2013-07-15 09:18:39"
        },
        {
            "name": "illuminate/cache",
            "version": "dev-master",
            "target-dir": "Illuminate/Cache",
            "source": {
                "type": "git",
                "url": "https://github.com/illuminate/cache.git",
                "reference": "62bb499291cc88459dc83de1ba31527b9326160d"
            },
            "dist": {
                "type": "zip",
                "url": "https://api.github.com/repos/illuminate/cache/zipball/62bb499291cc88459dc83de1ba31527b9326160d",
                "reference": "62bb499291cc88459dc83de1ba31527b9326160d",
                "shasum": ""
            },
            "require": {
                "illuminate/support": "4.1.x",
                "php": ">=5.3.0"
            },
            "require-dev": {
                "illuminate/database": "4.1.x",
                "illuminate/encryption": "4.1.x",
                "illuminate/filesystem": "4.1.x",
                "illuminate/redis": "4.1.x",
                "phpunit/phpunit": "3.7.*"
            },
            "type": "library",
            "extra": {
                "branch-alias": {
                    "dev-master": "4.1-dev"
                }
            },
            "autoload": {
                "psr-0": {
                    "Illuminate\\Cache": ""
                }
            },
            "notification-url": "https://packagist.org/downloads/",
            "license": [
                "MIT"
            ],
            "authors": [
                {
                    "name": "Taylor Otwell",
                    "email": "taylorotwell@gmail.com",
                    "homepage": "https://github.com/taylorotwell",
                    "role": "Developer"
                }
            ],
            "time": "2013-09-17 21:16:33"
        },
        {
            "name": "illuminate/config",
            "version": "dev-master",
            "target-dir": "Illuminate/Config",
            "source": {
                "type": "git",
                "url": "https://github.com/illuminate/config.git",
                "reference": "70e05b02ed6f1ff0df447a0da0a2421cf95f6fce"
            },
            "dist": {
                "type": "zip",
                "url": "https://api.github.com/repos/illuminate/config/zipball/70e05b02ed6f1ff0df447a0da0a2421cf95f6fce",
                "reference": "70e05b02ed6f1ff0df447a0da0a2421cf95f6fce",
                "shasum": ""
            },
            "require": {
                "illuminate/filesystem": "4.1.x",
                "illuminate/support": "4.1.x",
                "php": ">=5.3.0"
            },
            "require-dev": {
                "phpunit/phpunit": "3.7.*"
            },
            "type": "library",
            "extra": {
                "branch-alias": {
                    "dev-master": "4.1-dev"
                }
            },
            "autoload": {
                "psr-0": {
                    "Illuminate\\Config": ""
                }
            },
            "notification-url": "https://packagist.org/downloads/",
            "license": [
                "MIT"
            ],
            "authors": [
                {
                    "name": "Taylor Otwell",
                    "email": "taylorotwell@gmail.com",
                    "homepage": "https://github.com/taylorotwell",
                    "role": "Developer"
                }
            ],
            "time": "2013-08-10 17:47:18"
        },
        {
            "name": "illuminate/cookie",
            "version": "dev-master",
            "target-dir": "Illuminate/Cookie",
            "source": {
                "type": "git",
                "url": "https://github.com/illuminate/cookie.git",
                "reference": "d3b6f35572444b20e3d2d02006a84e70a6687be3"
            },
            "dist": {
                "type": "zip",
                "url": "https://api.github.com/repos/illuminate/cookie/zipball/d3b6f35572444b20e3d2d02006a84e70a6687be3",
                "reference": "d3b6f35572444b20e3d2d02006a84e70a6687be3",
                "shasum": ""
            },
            "require": {
                "illuminate/encryption": "4.1.x",
                "illuminate/support": "4.1.x",
                "php": ">=5.3.0",
                "symfony/http-foundation": "2.3.*"
            },
            "require-dev": {
                "mockery/mockery": "0.7.2",
                "phpunit/phpunit": "3.7.*"
            },
            "type": "library",
            "extra": {
                "branch-alias": {
                    "dev-master": "4.1-dev"
                }
            },
            "autoload": {
                "psr-0": {
                    "Illuminate\\Cookie": ""
                }
            },
            "notification-url": "https://packagist.org/downloads/",
            "license": [
                "MIT"
            ],
            "authors": [
                {
                    "name": "Taylor Otwell",
                    "email": "taylorotwell@gmail.com",
                    "homepage": "https://github.com/taylorotwell",
                    "role": "Developer"
                }
            ],
            "time": "2013-07-23 06:29:59"
        },
        {
            "name": "illuminate/encryption",
            "version": "dev-master",
            "target-dir": "Illuminate/Encryption",
            "source": {
                "type": "git",
                "url": "https://github.com/illuminate/encryption.git",
                "reference": "0e2e1a1dacecc80c267098a2255fecfdc2124800"
            },
            "dist": {
                "type": "zip",
                "url": "https://api.github.com/repos/illuminate/encryption/zipball/0e2e1a1dacecc80c267098a2255fecfdc2124800",
                "reference": "0e2e1a1dacecc80c267098a2255fecfdc2124800",
                "shasum": ""
            },
            "require": {
                "illuminate/support": "4.1.x",
                "php": ">=5.3.0"
            },
            "require-dev": {
                "phpunit/phpunit": "3.7.*"
            },
            "type": "library",
            "extra": {
                "branch-alias": {
                    "dev-master": "4.1-dev"
                }
            },
            "autoload": {
                "psr-0": {
                    "Illuminate\\Encryption": ""
                }
            },
            "notification-url": "https://packagist.org/downloads/",
            "license": [
                "MIT"
            ],
            "authors": [
                {
                    "name": "Taylor Otwell",
                    "email": "taylorotwell@gmail.com",
                    "homepage": "https://github.com/taylorotwell",
                    "role": "Developer"
                }
            ],
            "time": "2013-09-19 20:05:08"
        },
        {
            "name": "illuminate/filesystem",
            "version": "dev-master",
            "target-dir": "Illuminate/Filesystem",
            "source": {
                "type": "git",
                "url": "https://github.com/illuminate/filesystem.git",
                "reference": "fe9915c329ef869efccbc88334cf3ff89f2ecb03"
            },
            "dist": {
                "type": "zip",
                "url": "https://api.github.com/repos/illuminate/filesystem/zipball/fe9915c329ef869efccbc88334cf3ff89f2ecb03",
                "reference": "fe9915c329ef869efccbc88334cf3ff89f2ecb03",
                "shasum": ""
            },
            "require": {
                "illuminate/support": "4.1.x",
                "php": ">=5.3.0",
                "symfony/finder": "2.3.x"
            },
            "require-dev": {
                "phpunit/phpunit": "3.7.*"
            },
            "type": "library",
            "extra": {
                "branch-alias": {
                    "dev-master": "4.1-dev"
                }
            },
            "autoload": {
                "psr-0": {
                    "Illuminate\\Filesystem": ""
                }
            },
            "notification-url": "https://packagist.org/downloads/",
            "license": [
                "MIT"
            ],
            "authors": [
                {
                    "name": "Taylor Otwell",
                    "email": "taylorotwell@gmail.com",
                    "homepage": "https://github.com/taylorotwell",
                    "role": "Developer"
                }
            ],
            "time": "2013-07-02 17:46:50"
        },
        {
            "name": "illuminate/http",
            "version": "dev-master",
            "target-dir": "Illuminate/Http",
            "source": {
                "type": "git",
                "url": "https://github.com/illuminate/http.git",
                "reference": "2f630a23324fa41fc6aaffe96d6a444794a5480e"
            },
            "dist": {
                "type": "zip",
                "url": "https://api.github.com/repos/illuminate/http/zipball/2f630a23324fa41fc6aaffe96d6a444794a5480e",
                "reference": "2f630a23324fa41fc6aaffe96d6a444794a5480e",
                "shasum": ""
            },
            "require": {
                "illuminate/session": "4.1.x",
                "illuminate/support": "4.1.x",
                "symfony/http-foundation": "2.3.*"
            },
            "require-dev": {
                "mockery/mockery": "0.7.2",
                "phpunit/phpunit": "3.7.*"
            },
            "type": "library",
            "extra": {
                "branch-alias": {
                    "dev-master": "4.1-dev"
                }
            },
            "autoload": {
                "psr-0": {
                    "Illuminate\\Http": ""
                }
            },
            "notification-url": "https://packagist.org/downloads/",
            "license": [
                "MIT"
            ],
            "authors": [
                {
                    "name": "Taylor Otwell",
                    "email": "taylorotwell@gmail.com",
                    "homepage": "https://github.com/taylorotwell",
                    "role": "Developer"
                }
            ],
            "time": "2013-08-26 18:53:15"
        },
        {
            "name": "illuminate/session",
            "version": "dev-master",
            "target-dir": "Illuminate/Session",
            "source": {
                "type": "git",
                "url": "https://github.com/illuminate/session.git",
                "reference": "865873e081cbb82bf592f5e30300e90c82d22972"
            },
            "dist": {
                "type": "zip",
                "url": "https://api.github.com/repos/illuminate/session/zipball/865873e081cbb82bf592f5e30300e90c82d22972",
                "reference": "865873e081cbb82bf592f5e30300e90c82d22972",
                "shasum": ""
            },
            "require": {
                "illuminate/cache": "4.1.x",
                "illuminate/cookie": "4.1.x",
                "illuminate/encryption": "4.1.x",
                "illuminate/support": "4.1.x",
                "php": ">=5.3.0",
                "symfony/http-foundation": "2.3.*"
            },
            "require-dev": {
                "illuminate/console": "4.1.x",
                "mockery/mockery": ">=0.7.2",
                "phpunit/phpunit": "3.7.*"
            },
            "type": "library",
            "extra": {
                "branch-alias": {
                    "dev-master": "4.1-dev"
                }
            },
            "autoload": {
                "psr-0": {
                    "Illuminate\\Session": ""
                }
            },
            "notification-url": "https://packagist.org/downloads/",
            "license": [
                "MIT"
            ],
            "authors": [
                {
                    "name": "Taylor Otwell",
                    "email": "taylorotwell@gmail.com",
                    "homepage": "https://github.com/taylorotwell",
                    "role": "Developer"
                }
            ],
            "time": "2013-09-07 04:25:38"
        },
        {
            "name": "illuminate/support",
            "version": "dev-master",
            "target-dir": "Illuminate/Support",
            "source": {
                "type": "git",
                "url": "https://github.com/illuminate/support.git",
                "reference": "9e61ed7335f457521b888fd405f16eda6f7caf02"
            },
            "dist": {
                "type": "zip",
                "url": "https://api.github.com/repos/illuminate/support/zipball/9e61ed7335f457521b888fd405f16eda6f7caf02",
                "reference": "9e61ed7335f457521b888fd405f16eda6f7caf02",
                "shasum": ""
            },
            "require": {
                "php": ">=5.3.0"
            },
            "require-dev": {
                "mockery/mockery": "0.7.2",
                "patchwork/utf8": "1.1.*",
                "phpunit/phpunit": "3.7.*"
            },
            "type": "library",
            "extra": {
                "branch-alias": {
                    "dev-master": "4.1-dev"
                }
            },
            "autoload": {
                "psr-0": {
                    "Illuminate\\Support": ""
                },
                "files": [
                    "Illuminate/Support/helpers.php"
                ]
            },
            "notification-url": "https://packagist.org/downloads/",
            "license": [
                "MIT"
            ],
            "authors": [
                {
                    "name": "Taylor Otwell",
                    "email": "taylorotwell@gmail.com",
                    "homepage": "https://github.com/taylorotwell",
                    "role": "Developer"
                }
            ],
            "time": "2013-09-06 05:21:45"
        },
        {
            "name": "patchwork/utf8",
            "version": "v1.1.11",
            "source": {
                "type": "git",
                "url": "https://github.com/nicolas-grekas/Patchwork-UTF8.git",
                "reference": "153c3b3e5dded58a1eb749c80049f44ce086399e"
            },
            "dist": {
                "type": "zip",
                "url": "https://api.github.com/repos/nicolas-grekas/Patchwork-UTF8/zipball/153c3b3e5dded58a1eb749c80049f44ce086399e",
                "reference": "153c3b3e5dded58a1eb749c80049f44ce086399e",
                "shasum": ""
            },
            "require": {
                "php": ">=5.3.0"
            },
            "type": "library",
            "autoload": {
                "psr-0": {
                    "Patchwork": "class/",
                    "Normalizer": "class/"
                }
            },
            "notification-url": "https://packagist.org/downloads/",
            "license": [
                "(Apache-2.0 or GPL-2.0)"
            ],
            "authors": [
                {
                    "name": "Nicolas Grekas",
                    "email": "p@tchwork.com",
                    "role": "Developer"
                }
            ],
            "description": "UTF-8 strings handling for PHP 5.3: portable, performant and extended",
            "homepage": "https://github.com/nicolas-grekas/Patchwork-UTF8",
            "keywords": [
                "i18n",
                "unicode",
                "utf-8",
                "utf8"
            ],
            "time": "2013-08-19 09:37:02"
        },
        {
            "name": "symfony/finder",
            "version": "2.3.x-dev",
            "target-dir": "Symfony/Component/Finder",
            "source": {
                "type": "git",
                "url": "https://github.com/symfony/Finder.git",
                "reference": "a175521f680b178e63c5d0ab87c6b046c0990c3f"
            },
            "dist": {
                "type": "zip",
                "url": "https://api.github.com/repos/symfony/Finder/zipball/a175521f680b178e63c5d0ab87c6b046c0990c3f",
                "reference": "a175521f680b178e63c5d0ab87c6b046c0990c3f",
                "shasum": ""
            },
            "require": {
                "php": ">=5.3.3"
            },
            "type": "library",
            "extra": {
                "branch-alias": {
                    "dev-master": "2.3-dev"
                }
            },
            "autoload": {
                "psr-0": {
                    "Symfony\\Component\\Finder\\": ""
                }
            },
            "notification-url": "https://packagist.org/downloads/",
            "license": [
                "MIT"
            ],
            "authors": [
                {
                    "name": "Fabien Potencier",
                    "email": "fabien@symfony.com"
                },
                {
                    "name": "Symfony Community",
                    "homepage": "http://symfony.com/contributors"
                }
            ],
            "description": "Symfony Finder Component",
            "homepage": "http://symfony.com",
            "time": "2013-09-19 09:45:20"
        },
        {
            "name": "symfony/http-foundation",
            "version": "2.3.x-dev",
            "target-dir": "Symfony/Component/HttpFoundation",
            "source": {
                "type": "git",
                "url": "https://github.com/symfony/HttpFoundation.git",
                "reference": "ed17ea8ee67ae25371bdb63f691c22b453ea4bc0"
            },
            "dist": {
                "type": "zip",
                "url": "https://api.github.com/repos/symfony/HttpFoundation/zipball/ed17ea8ee67ae25371bdb63f691c22b453ea4bc0",
                "reference": "ed17ea8ee67ae25371bdb63f691c22b453ea4bc0",
                "shasum": ""
            },
            "require": {
                "php": ">=5.3.3"
            },
            "type": "library",
            "extra": {
                "branch-alias": {
                    "dev-master": "2.3-dev"
                }
            },
            "autoload": {
                "psr-0": {
                    "Symfony\\Component\\HttpFoundation\\": ""
                },
                "classmap": [
                    "Symfony/Component/HttpFoundation/Resources/stubs"
                ]
            },
            "notification-url": "https://packagist.org/downloads/",
            "license": [
                "MIT"
            ],
            "authors": [
                {
                    "name": "Fabien Potencier",
                    "email": "fabien@symfony.com"
                },
                {
                    "name": "Symfony Community",
                    "homepage": "http://symfony.com/contributors"
                }
            ],
            "description": "Symfony HttpFoundation Component",
            "homepage": "http://symfony.com",
            "time": "2013-09-19 09:45:20"
        }
    ],
    "packages-dev": [

    ],
    "aliases": [

    ],
    "minimum-stability": "dev",
    "stability-flags": {
        "anahkiasen/underscore-php": 20,
        "anahkiasen/html-object": 20
    },
    "platform": {
        "php": ">=5.3.0"
    },
    "platform-dev": [

    ]
}
